// !$*UTF8*$!
{
	archiveVersion = 1;
	classes = {
	};
	objectVersion = 55;
	objects = {

/* Begin PBXBuildFile section */
		F44E267F289725F3006DC7ED /* Tests_iOS.swift in Sources */ = {isa = PBXBuildFile; fileRef = F44E267E289725F3006DC7ED /* Tests_iOS.swift */; };
		F44E2681289725F3006DC7ED /* Tests_iOSLaunchTests.swift in Sources */ = {isa = PBXBuildFile; fileRef = F44E2680289725F3006DC7ED /* Tests_iOSLaunchTests.swift */; };
		F44E268B289725F3006DC7ED /* Tests_macOS.swift in Sources */ = {isa = PBXBuildFile; fileRef = F44E268A289725F3006DC7ED /* Tests_macOS.swift */; };
		F44E268D289725F3006DC7ED /* Tests_macOSLaunchTests.swift in Sources */ = {isa = PBXBuildFile; fileRef = F44E268C289725F3006DC7ED /* Tests_macOSLaunchTests.swift */; };
		F44E268E289725F3006DC7ED /* PhotoCaller.xcdatamodeld in Sources */ = {isa = PBXBuildFile; fileRef = F44E2663289725F2006DC7ED /* PhotoCaller.xcdatamodeld */; };
		F44E268F289725F3006DC7ED /* PhotoCaller.xcdatamodeld in Sources */ = {isa = PBXBuildFile; fileRef = F44E2663289725F2006DC7ED /* PhotoCaller.xcdatamodeld */; };
		F44E2690289725F3006DC7ED /* PhotoCallerApp.swift in Sources */ = {isa = PBXBuildFile; fileRef = F44E2665289725F2006DC7ED /* PhotoCallerApp.swift */; };
		F44E2691289725F3006DC7ED /* PhotoCallerApp.swift in Sources */ = {isa = PBXBuildFile; fileRef = F44E2665289725F2006DC7ED /* PhotoCallerApp.swift */; };
		F44E2692289725F3006DC7ED /* ContentView.swift in Sources */ = {isa = PBXBuildFile; fileRef = F44E2666289725F2006DC7ED /* ContentView.swift */; };
		F44E2693289725F3006DC7ED /* ContentView.swift in Sources */ = {isa = PBXBuildFile; fileRef = F44E2666289725F2006DC7ED /* ContentView.swift */; };
		F44E2694289725F3006DC7ED /* Persistence.swift in Sources */ = {isa = PBXBuildFile; fileRef = F44E2667289725F2006DC7ED /* Persistence.swift */; };
		F44E2695289725F3006DC7ED /* Persistence.swift in Sources */ = {isa = PBXBuildFile; fileRef = F44E2667289725F2006DC7ED /* Persistence.swift */; };
		F44E2696289725F3006DC7ED /* Assets.xcassets in Resources */ = {isa = PBXBuildFile; fileRef = F44E2668289725F3006DC7ED /* Assets.xcassets */; };
		F44E2697289725F3006DC7ED /* Assets.xcassets in Resources */ = {isa = PBXBuildFile; fileRef = F44E2668289725F3006DC7ED /* Assets.xcassets */; };
/* End PBXBuildFile section */

/* Begin PBXContainerItemProxy section */
		F44E267B289725F3006DC7ED /* PBXContainerItemProxy */ = {
			isa = PBXContainerItemProxy;
			containerPortal = F44E265E289725F2006DC7ED /* Project object */;
			proxyType = 1;
			remoteGlobalIDString = F44E266C289725F3006DC7ED;
			remoteInfo = "PhotoCaller (iOS)";
		};
		F44E2687289725F3006DC7ED /* PBXContainerItemProxy */ = {
			isa = PBXContainerItemProxy;
			containerPortal = F44E265E289725F2006DC7ED /* Project object */;
			proxyType = 1;
			remoteGlobalIDString = F44E2672289725F3006DC7ED;
			remoteInfo = "PhotoCaller (macOS)";
		};
/* End PBXContainerItemProxy section */

/* Begin PBXFileReference section */
		F44E2664289725F2006DC7ED /* Shared.xcdatamodel */ = {isa = PBXFileReference; lastKnownFileType = wrapper.xcdatamodel; path = Shared.xcdatamodel; sourceTree = "<group>"; };
		F44E2665289725F2006DC7ED /* PhotoCallerApp.swift */ = {isa = PBXFileReference; lastKnownFileType = sourcecode.swift; path = PhotoCallerApp.swift; sourceTree = "<group>"; };
		F44E2666289725F2006DC7ED /* ContentView.swift */ = {isa = PBXFileReference; lastKnownFileType = sourcecode.swift; path = ContentView.swift; sourceTree = "<group>"; };
		F44E2667289725F2006DC7ED /* Persistence.swift */ = {isa = PBXFileReference; lastKnownFileType = sourcecode.swift; path = Persistence.swift; sourceTree = "<group>"; };
		F44E2668289725F3006DC7ED /* Assets.xcassets */ = {isa = PBXFileReference; lastKnownFileType = folder.assetcatalog; path = Assets.xcassets; sourceTree = "<group>"; };
		F44E266D289725F3006DC7ED /* PhotoCaller.app */ = {isa = PBXFileReference; explicitFileType = wrapper.application; includeInIndex = 0; path = PhotoCaller.app; sourceTree = BUILT_PRODUCTS_DIR; };
		F44E2673289725F3006DC7ED /* PhotoCaller.app */ = {isa = PBXFileReference; explicitFileType = wrapper.application; includeInIndex = 0; path = PhotoCaller.app; sourceTree = BUILT_PRODUCTS_DIR; };
		F44E2675289725F3006DC7ED /* macOS.entitlements */ = {isa = PBXFileReference; lastKnownFileType = text.plist.entitlements; path = macOS.entitlements; sourceTree = "<group>"; };
		F44E267A289725F3006DC7ED /* Tests iOS.xctest */ = {isa = PBXFileReference; explicitFileType = wrapper.cfbundle; includeInIndex = 0; path = "Tests iOS.xctest"; sourceTree = BUILT_PRODUCTS_DIR; };
		F44E267E289725F3006DC7ED /* Tests_iOS.swift */ = {isa = PBXFileReference; lastKnownFileType = sourcecode.swift; path = Tests_iOS.swift; sourceTree = "<group>"; };
		F44E2680289725F3006DC7ED /* Tests_iOSLaunchTests.swift */ = {isa = PBXFileReference; lastKnownFileType = sourcecode.swift; path = Tests_iOSLaunchTests.swift; sourceTree = "<group>"; };
		F44E2686289725F3006DC7ED /* Tests macOS.xctest */ = {isa = PBXFileReference; explicitFileType = wrapper.cfbundle; includeInIndex = 0; path = "Tests macOS.xctest"; sourceTree = BUILT_PRODUCTS_DIR; };
		F44E268A289725F3006DC7ED /* Tests_macOS.swift */ = {isa = PBXFileReference; lastKnownFileType = sourcecode.swift; path = Tests_macOS.swift; sourceTree = "<group>"; };
		F44E268C289725F3006DC7ED /* Tests_macOSLaunchTests.swift */ = {isa = PBXFileReference; lastKnownFileType = sourcecode.swift; path = Tests_macOSLaunchTests.swift; sourceTree = "<group>"; };
/* End PBXFileReference section */

/* Begin PBXFrameworksBuildPhase section */
		F44E266A289725F3006DC7ED /* Frameworks */ = {
			isa = PBXFrameworksBuildPhase;
			buildActionMask = 2147483647;
			files = (
			);
			runOnlyForDeploymentPostprocessing = 0;
		};
		F44E2670289725F3006DC7ED /* Frameworks */ = {
			isa = PBXFrameworksBuildPhase;
			buildActionMask = 2147483647;
			files = (
			);
			runOnlyForDeploymentPostprocessing = 0;
		};
		F44E2677289725F3006DC7ED /* Frameworks */ = {
			isa = PBXFrameworksBuildPhase;
			buildActionMask = 2147483647;
			files = (
			);
			runOnlyForDeploymentPostprocessing = 0;
		};
		F44E2683289725F3006DC7ED /* Frameworks */ = {
			isa = PBXFrameworksBuildPhase;
			buildActionMask = 2147483647;
			files = (
			);
			runOnlyForDeploymentPostprocessing = 0;
		};
/* End PBXFrameworksBuildPhase section */

/* Begin PBXGroup section */
		F44E265D289725F2006DC7ED = {
			isa = PBXGroup;
			children = (
				F44E2662289725F2006DC7ED /* Shared */,
				F44E2674289725F3006DC7ED /* macOS */,
				F44E267D289725F3006DC7ED /* Tests iOS */,
				F44E2689289725F3006DC7ED /* Tests macOS */,
				F44E266E289725F3006DC7ED /* Products */,
			);
			sourceTree = "<group>";
		};
		F44E2662289725F2006DC7ED /* Shared */ = {
			isa = PBXGroup;
			children = (
				F44E2665289725F2006DC7ED /* PhotoCallerApp.swift */,
				F44E2666289725F2006DC7ED /* ContentView.swift */,
				F44E2667289725F2006DC7ED /* Persistence.swift */,
				F44E2668289725F3006DC7ED /* Assets.xcassets */,
				F44E2663289725F2006DC7ED /* PhotoCaller.xcdatamodeld */,
			);
			path = Shared;
			sourceTree = "<group>";
		};
		F44E266E289725F3006DC7ED /* Products */ = {
			isa = PBXGroup;
			children = (
				F44E266D289725F3006DC7ED /* PhotoCaller.app */,
				F44E2673289725F3006DC7ED /* PhotoCaller.app */,
				F44E267A289725F3006DC7ED /* Tests iOS.xctest */,
				F44E2686289725F3006DC7ED /* Tests macOS.xctest */,
			);
			name = Products;
			sourceTree = "<group>";
		};
		F44E2674289725F3006DC7ED /* macOS */ = {
			isa = PBXGroup;
			children = (
				F44E2675289725F3006DC7ED /* macOS.entitlements */,
			);
			path = macOS;
			sourceTree = "<group>";
		};
		F44E267D289725F3006DC7ED /* Tests iOS */ = {
			isa = PBXGroup;
			children = (
				F44E267E289725F3006DC7ED /* Tests_iOS.swift */,
				F44E2680289725F3006DC7ED /* Tests_iOSLaunchTests.swift */,
			);
			path = "Tests iOS";
			sourceTree = "<group>";
		};
		F44E2689289725F3006DC7ED /* Tests macOS */ = {
			isa = PBXGroup;
			children = (
				F44E268A289725F3006DC7ED /* Tests_macOS.swift */,
				F44E268C289725F3006DC7ED /* Tests_macOSLaunchTests.swift */,
			);
			path = "Tests macOS";
			sourceTree = "<group>";
		};
/* End PBXGroup section */

/* Begin PBXNativeTarget section */
		F44E266C289725F3006DC7ED /* PhotoCaller (iOS) */ = {
			isa = PBXNativeTarget;
			buildConfigurationList = F44E269A289725F3006DC7ED /* Build configuration list for PBXNativeTarget "PhotoCaller (iOS)" */;
			buildPhases = (
				F44E2669289725F3006DC7ED /* Sources */,
				F44E266A289725F3006DC7ED /* Frameworks */,
				F44E266B289725F3006DC7ED /* Resources */,
			);
			buildRules = (
			);
			dependencies = (
			);
			name = "PhotoCaller (iOS)";
			productName = "PhotoCaller (iOS)";
			productReference = F44E266D289725F3006DC7ED /* PhotoCaller.app */;
			productType = "com.apple.product-type.application";
		};
		F44E2672289725F3006DC7ED /* PhotoCaller (macOS) */ = {
			isa = PBXNativeTarget;
			buildConfigurationList = F44E269D289725F3006DC7ED /* Build configuration list for PBXNativeTarget "PhotoCaller (macOS)" */;
			buildPhases = (
				F44E266F289725F3006DC7ED /* Sources */,
				F44E2670289725F3006DC7ED /* Frameworks */,
				F44E2671289725F3006DC7ED /* Resources */,
			);
			buildRules = (
			);
			dependencies = (
			);
			name = "PhotoCaller (macOS)";
			productName = "PhotoCaller (macOS)";
			productReference = F44E2673289725F3006DC7ED /* PhotoCaller.app */;
			productType = "com.apple.product-type.application";
		};
		F44E2679289725F3006DC7ED /* Tests iOS */ = {
			isa = PBXNativeTarget;
			buildConfigurationList = F44E26A0289725F3006DC7ED /* Build configuration list for PBXNativeTarget "Tests iOS" */;
			buildPhases = (
				F44E2676289725F3006DC7ED /* Sources */,
				F44E2677289725F3006DC7ED /* Frameworks */,
				F44E2678289725F3006DC7ED /* Resources */,
			);
			buildRules = (
			);
			dependencies = (
				F44E267C289725F3006DC7ED /* PBXTargetDependency */,
			);
			name = "Tests iOS";
			productName = "Tests iOS";
			productReference = F44E267A289725F3006DC7ED /* Tests iOS.xctest */;
			productType = "com.apple.product-type.bundle.ui-testing";
		};
		F44E2685289725F3006DC7ED /* Tests macOS */ = {
			isa = PBXNativeTarget;
			buildConfigurationList = F44E26A3289725F3006DC7ED /* Build configuration list for PBXNativeTarget "Tests macOS" */;
			buildPhases = (
				F44E2682289725F3006DC7ED /* Sources */,
				F44E2683289725F3006DC7ED /* Frameworks */,
				F44E2684289725F3006DC7ED /* Resources */,
			);
			buildRules = (
			);
			dependencies = (
				F44E2688289725F3006DC7ED /* PBXTargetDependency */,
			);
			name = "Tests macOS";
			productName = "Tests macOS";
			productReference = F44E2686289725F3006DC7ED /* Tests macOS.xctest */;
			productType = "com.apple.product-type.bundle.ui-testing";
		};
/* End PBXNativeTarget section */

/* Begin PBXProject section */
		F44E265E289725F2006DC7ED /* Project object */ = {
			isa = PBXProject;
			attributes = {
				BuildIndependentTargetsInParallel = 1;
				LastSwiftUpdateCheck = 1340;
				LastUpgradeCheck = 1340;
				TargetAttributes = {
					F44E266C289725F3006DC7ED = {
						CreatedOnToolsVersion = 13.4.1;
					};
					F44E2672289725F3006DC7ED = {
						CreatedOnToolsVersion = 13.4.1;
					};
					F44E2679289725F3006DC7ED = {
						CreatedOnToolsVersion = 13.4.1;
						TestTargetID = F44E266C289725F3006DC7ED;
					};
					F44E2685289725F3006DC7ED = {
						CreatedOnToolsVersion = 13.4.1;
						TestTargetID = F44E2672289725F3006DC7ED;
					};
				};
			};
			buildConfigurationList = F44E2661289725F2006DC7ED /* Build configuration list for PBXProject "PhotoCaller" */;
			compatibilityVersion = "Xcode 13.0";
			developmentRegion = en;
			hasScannedForEncodings = 0;
			knownRegions = (
				en,
				Base,
			);
			mainGroup = F44E265D289725F2006DC7ED;
			productRefGroup = F44E266E289725F3006DC7ED /* Products */;
			projectDirPath = "";
			projectRoot = "";
			targets = (
				F44E266C289725F3006DC7ED /* PhotoCaller (iOS) */,
				F44E2672289725F3006DC7ED /* PhotoCaller (macOS) */,
				F44E2679289725F3006DC7ED /* Tests iOS */,
				F44E2685289725F3006DC7ED /* Tests macOS */,
			);
		};
/* End PBXProject section */

/* Begin PBXResourcesBuildPhase section */
		F44E266B289725F3006DC7ED /* Resources */ = {
			isa = PBXResourcesBuildPhase;
			buildActionMask = 2147483647;
			files = (
				F44E2696289725F3006DC7ED /* Assets.xcassets in Resources */,
			);
			runOnlyForDeploymentPostprocessing = 0;
		};
		F44E2671289725F3006DC7ED /* Resources */ = {
			isa = PBXResourcesBuildPhase;
			buildActionMask = 2147483647;
			files = (
				F44E2697289725F3006DC7ED /* Assets.xcassets in Resources */,
			);
			runOnlyForDeploymentPostprocessing = 0;
		};
		F44E2678289725F3006DC7ED /* Resources */ = {
			isa = PBXResourcesBuildPhase;
			buildActionMask = 2147483647;
			files = (
			);
			runOnlyForDeploymentPostprocessing = 0;
		};
		F44E2684289725F3006DC7ED /* Resources */ = {
			isa = PBXResourcesBuildPhase;
			buildActionMask = 2147483647;
			files = (
			);
			runOnlyForDeploymentPostprocessing = 0;
		};
/* End PBXResourcesBuildPhase section */

/* Begin PBXSourcesBuildPhase section */
		F44E2669289725F3006DC7ED /* Sources */ = {
			isa = PBXSourcesBuildPhase;
			buildActionMask = 2147483647;
			files = (
				F44E268E289725F3006DC7ED /* PhotoCaller.xcdatamodeld in Sources */,
				F44E2694289725F3006DC7ED /* Persistence.swift in Sources */,
				F44E2690289725F3006DC7ED /* PhotoCallerApp.swift in Sources */,
				F44E2692289725F3006DC7ED /* ContentView.swift in Sources */,
			);
			runOnlyForDeploymentPostprocessing = 0;
		};
		F44E266F289725F3006DC7ED /* Sources */ = {
			isa = PBXSourcesBuildPhase;
			buildActionMask = 2147483647;
			files = (
				F44E268F289725F3006DC7ED /* PhotoCaller.xcdatamodeld in Sources */,
				F44E2695289725F3006DC7ED /* Persistence.swift in Sources */,
				F44E2691289725F3006DC7ED /* PhotoCallerApp.swift in Sources */,
				F44E2693289725F3006DC7ED /* ContentView.swift in Sources */,
			);
			runOnlyForDeploymentPostprocessing = 0;
		};
		F44E2676289725F3006DC7ED /* Sources */ = {
			isa = PBXSourcesBuildPhase;
			buildActionMask = 2147483647;
			files = (
				F44E2681289725F3006DC7ED /* Tests_iOSLaunchTests.swift in Sources */,
				F44E267F289725F3006DC7ED /* Tests_iOS.swift in Sources */,
			);
			runOnlyForDeploymentPostprocessing = 0;
		};
		F44E2682289725F3006DC7ED /* Sources */ = {
			isa = PBXSourcesBuildPhase;
			buildActionMask = 2147483647;
			files = (
				F44E268D289725F3006DC7ED /* Tests_macOSLaunchTests.swift in Sources */,
				F44E268B289725F3006DC7ED /* Tests_macOS.swift in Sources */,
			);
			runOnlyForDeploymentPostprocessing = 0;
		};
/* End PBXSourcesBuildPhase section */

/* Begin PBXTargetDependency section */
		F44E267C289725F3006DC7ED /* PBXTargetDependency */ = {
			isa = PBXTargetDependency;
			target = F44E266C289725F3006DC7ED /* PhotoCaller (iOS) */;
			targetProxy = F44E267B289725F3006DC7ED /* PBXContainerItemProxy */;
		};
		F44E2688289725F3006DC7ED /* PBXTargetDependency */ = {
			isa = PBXTargetDependency;
			target = F44E2672289725F3006DC7ED /* PhotoCaller (macOS) */;
			targetProxy = F44E2687289725F3006DC7ED /* PBXContainerItemProxy */;
		};
/* End PBXTargetDependency section */

/* Begin XCBuildConfiguration section */
		F44E2698289725F3006DC7ED /* Debug */ = {
			isa = XCBuildConfiguration;
			buildSettings = {
				ALWAYS_SEARCH_USER_PATHS = NO;
				CLANG_ANALYZER_NONNULL = YES;
				CLANG_ANALYZER_NUMBER_OBJECT_CONVERSION = YES_AGGRESSIVE;
				CLANG_CXX_LANGUAGE_STANDARD = "gnu++17";
				CLANG_ENABLE_MODULES = YES;
				CLANG_ENABLE_OBJC_ARC = YES;
				CLANG_ENABLE_OBJC_WEAK = YES;
				CLANG_WARN_BLOCK_CAPTURE_AUTORELEASING = YES;
				CLANG_WARN_BOOL_CONVERSION = YES;
				CLANG_WARN_COMMA = YES;
				CLANG_WARN_CONSTANT_CONVERSION = YES;
				CLANG_WARN_DEPRECATED_OBJC_IMPLEMENTATIONS = YES;
				CLANG_WARN_DIRECT_OBJC_ISA_USAGE = YES_ERROR;
				CLANG_WARN_DOCUMENTATION_COMMENTS = YES;
				CLANG_WARN_EMPTY_BODY = YES;
				CLANG_WARN_ENUM_CONVERSION = YES;
				CLANG_WARN_INFINITE_RECURSION = YES;
				CLANG_WARN_INT_CONVERSION = YES;
				CLANG_WARN_NON_LITERAL_NULL_CONVERSION = YES;
				CLANG_WARN_OBJC_IMPLICIT_RETAIN_SELF = YES;
				CLANG_WARN_OBJC_LITERAL_CONVERSION = YES;
				CLANG_WARN_OBJC_ROOT_CLASS = YES_ERROR;
				CLANG_WARN_QUOTED_INCLUDE_IN_FRAMEWORK_HEADER = YES;
				CLANG_WARN_RANGE_LOOP_ANALYSIS = YES;
				CLANG_WARN_STRICT_PROTOTYPES = YES;
				CLANG_WARN_SUSPICIOUS_MOVE = YES;
				CLANG_WARN_UNGUARDED_AVAILABILITY = YES_AGGRESSIVE;
				CLANG_WARN_UNREACHABLE_CODE = YES;
				CLANG_WARN__DUPLICATE_METHOD_MATCH = YES;
				COPY_PHASE_STRIP = NO;
				DEBUG_INFORMATION_FORMAT = dwarf;
				ENABLE_STRICT_OBJC_MSGSEND = YES;
				ENABLE_TESTABILITY = YES;
				GCC_C_LANGUAGE_STANDARD = gnu11;
				GCC_DYNAMIC_NO_PIC = NO;
				GCC_NO_COMMON_BLOCKS = YES;
				GCC_OPTIMIZATION_LEVEL = 0;
				GCC_PREPROCESSOR_DEFINITIONS = (
					"DEBUG=1",
					"$(inherited)",
				);
				GCC_WARN_64_TO_32_BIT_CONVERSION = YES;
				GCC_WARN_ABOUT_RETURN_TYPE = YES_ERROR;
				GCC_WARN_UNDECLARED_SELECTOR = YES;
				GCC_WARN_UNINITIALIZED_AUTOS = YES_AGGRESSIVE;
				GCC_WARN_UNUSED_FUNCTION = YES;
				GCC_WARN_UNUSED_VARIABLE = YES;
				MTL_ENABLE_DEBUG_INFO = INCLUDE_SOURCE;
				MTL_FAST_MATH = YES;
				ONLY_ACTIVE_ARCH = YES;
				SWIFT_ACTIVE_COMPILATION_CONDITIONS = DEBUG;
				SWIFT_OPTIMIZATION_LEVEL = "-Onone";
			};
			name = Debug;
		};
		F44E2699289725F3006DC7ED /* Release */ = {
			isa = XCBuildConfiguration;
			buildSettings = {
				ALWAYS_SEARCH_USER_PATHS = NO;
				CLANG_ANALYZER_NONNULL = YES;
				CLANG_ANALYZER_NUMBER_OBJECT_CONVERSION = YES_AGGRESSIVE;
				CLANG_CXX_LANGUAGE_STANDARD = "gnu++17";
				CLANG_ENABLE_MODULES = YES;
				CLANG_ENABLE_OBJC_ARC = YES;
				CLANG_ENABLE_OBJC_WEAK = YES;
				CLANG_WARN_BLOCK_CAPTURE_AUTORELEASING = YES;
				CLANG_WARN_BOOL_CONVERSION = YES;
				CLANG_WARN_COMMA = YES;
				CLANG_WARN_CONSTANT_CONVERSION = YES;
				CLANG_WARN_DEPRECATED_OBJC_IMPLEMENTATIONS = YES;
				CLANG_WARN_DIRECT_OBJC_ISA_USAGE = YES_ERROR;
				CLANG_WARN_DOCUMENTATION_COMMENTS = YES;
				CLANG_WARN_EMPTY_BODY = YES;
				CLANG_WARN_ENUM_CONVERSION = YES;
				CLANG_WARN_INFINITE_RECURSION = YES;
				CLANG_WARN_INT_CONVERSION = YES;
				CLANG_WARN_NON_LITERAL_NULL_CONVERSION = YES;
				CLANG_WARN_OBJC_IMPLICIT_RETAIN_SELF = YES;
				CLANG_WARN_OBJC_LITERAL_CONVERSION = YES;
				CLANG_WARN_OBJC_ROOT_CLASS = YES_ERROR;
				CLANG_WARN_QUOTED_INCLUDE_IN_FRAMEWORK_HEADER = YES;
				CLANG_WARN_RANGE_LOOP_ANALYSIS = YES;
				CLANG_WARN_STRICT_PROTOTYPES = YES;
				CLANG_WARN_SUSPICIOUS_MOVE = YES;
				CLANG_WARN_UNGUARDED_AVAILABILITY = YES_AGGRESSIVE;
				CLANG_WARN_UNREACHABLE_CODE = YES;
				CLANG_WARN__DUPLICATE_METHOD_MATCH = YES;
				COPY_PHASE_STRIP = NO;
				DEBUG_INFORMATION_FORMAT = "dwarf-with-dsym";
				ENABLE_NS_ASSERTIONS = NO;
				ENABLE_STRICT_OBJC_MSGSEND = YES;
				GCC_C_LANGUAGE_STANDARD = gnu11;
				GCC_NO_COMMON_BLOCKS = YES;
				GCC_WARN_64_TO_32_BIT_CONVERSION = YES;
				GCC_WARN_ABOUT_RETURN_TYPE = YES_ERROR;
				GCC_WARN_UNDECLARED_SELECTOR = YES;
				GCC_WARN_UNINITIALIZED_AUTOS = YES_AGGRESSIVE;
				GCC_WARN_UNUSED_FUNCTION = YES;
				GCC_WARN_UNUSED_VARIABLE = YES;
				MTL_ENABLE_DEBUG_INFO = NO;
				MTL_FAST_MATH = YES;
				SWIFT_COMPILATION_MODE = wholemodule;
				SWIFT_OPTIMIZATION_LEVEL = "-O";
			};
			name = Release;
		};
		F44E269B289725F3006DC7ED /* Debug */ = {
			isa = XCBuildConfiguration;
			buildSettings = {
				ASSETCATALOG_COMPILER_APPICON_NAME = AppIcon;
				ASSETCATALOG_COMPILER_GLOBAL_ACCENT_COLOR_NAME = AccentColor;
				CODE_SIGN_STYLE = Automatic;
				CURRENT_PROJECT_VERSION = 1;
				DEVELOPMENT_TEAM = G863BF9CVX;
				ENABLE_PREVIEWS = YES;
				GENERATE_INFOPLIST_FILE = YES;
				INFOPLIST_KEY_UIApplicationSceneManifest_Generation = YES;
				INFOPLIST_KEY_UIApplicationSupportsIndirectInputEvents = YES;
				INFOPLIST_KEY_UILaunchScreen_Generation = YES;
				INFOPLIST_KEY_UISupportedInterfaceOrientations_iPad = "UIInterfaceOrientationPortrait UIInterfaceOrientationPortraitUpsideDown UIInterfaceOrientationLandscapeLeft UIInterfaceOrientationLandscapeRight";
				INFOPLIST_KEY_UISupportedInterfaceOrientations_iPhone = "UIInterfaceOrientationPortrait UIInterfaceOrientationLandscapeLeft UIInterfaceOrientationLandscapeRight";
				IPHONEOS_DEPLOYMENT_TARGET = 15.5;
				LD_RUNPATH_SEARCH_PATHS = (
					"$(inherited)",
					"@executable_path/Frameworks",
				);
				MARKETING_VERSION = 1.0;
				PRODUCT_BUNDLE_IDENTIFIER = com.joelparkerhenderson.photocaller.PhotoCaller;
				PRODUCT_NAME = PhotoCaller;
				SDKROOT = iphoneos;
				SWIFT_EMIT_LOC_STRINGS = YES;
				SWIFT_VERSION = 5.0;
				TARGETED_DEVICE_FAMILY = "1,2";
			};
			name = Debug;
		};
		F44E269C289725F3006DC7ED /* Release */ = {
			isa = XCBuildConfiguration;
			buildSettings = {
				ASSETCATALOG_COMPILER_APPICON_NAME = AppIcon;
				ASSETCATALOG_COMPILER_GLOBAL_ACCENT_COLOR_NAME = AccentColor;
				CODE_SIGN_STYLE = Automatic;
				CURRENT_PROJECT_VERSION = 1;
				DEVELOPMENT_TEAM = G863BF9CVX;
				ENABLE_PREVIEWS = YES;
				GENERATE_INFOPLIST_FILE = YES;
				INFOPLIST_KEY_UIApplicationSceneManifest_Generation = YES;
				INFOPLIST_KEY_UIApplicationSupportsIndirectInputEvents = YES;
				INFOPLIST_KEY_UILaunchScreen_Generation = YES;
				INFOPLIST_KEY_UISupportedInterfaceOrientations_iPad = "UIInterfaceOrientationPortrait UIInterfaceOrientationPortraitUpsideDown UIInterfaceOrientationLandscapeLeft UIInterfaceOrientationLandscapeRight";
				INFOPLIST_KEY_UISupportedInterfaceOrientations_iPhone = "UIInterfaceOrientationPortrait UIInterfaceOrientationLandscapeLeft UIInterfaceOrientationLandscapeRight";
				IPHONEOS_DEPLOYMENT_TARGET = 15.5;
				LD_RUNPATH_SEARCH_PATHS = (
					"$(inherited)",
					"@executable_path/Frameworks",
				);
				MARKETING_VERSION = 1.0;
				PRODUCT_BUNDLE_IDENTIFIER = com.joelparkerhenderson.photocaller.PhotoCaller;
				PRODUCT_NAME = PhotoCaller;
				SDKROOT = iphoneos;
				SWIFT_EMIT_LOC_STRINGS = YES;
				SWIFT_VERSION = 5.0;
				TARGETED_DEVICE_FAMILY = "1,2";
				VALIDATE_PRODUCT = YES;
			};
			name = Release;
		};
		F44E269E289725F3006DC7ED /* Debug */ = {
			isa = XCBuildConfiguration;
			buildSettings = {
				ASSETCATALOG_COMPILER_APPICON_NAME = AppIcon;
				ASSETCATALOG_COMPILER_GLOBAL_ACCENT_COLOR_NAME = AccentColor;
				CODE_SIGN_ENTITLEMENTS = macOS/macOS.entitlements;
				CODE_SIGN_STYLE = Automatic;
				COMBINE_HIDPI_IMAGES = YES;
				CURRENT_PROJECT_VERSION = 1;
				DEVELOPMENT_TEAM = G863BF9CVX;
				ENABLE_HARDENED_RUNTIME = YES;
				ENABLE_PREVIEWS = YES;
				GENERATE_INFOPLIST_FILE = YES;
				INFOPLIST_KEY_NSHumanReadableCopyright = "";
				LD_RUNPATH_SEARCH_PATHS = (
					"$(inherited)",
					"@executable_path/../Frameworks",
				);
				MACOSX_DEPLOYMENT_TARGET = 12.3;
				MARKETING_VERSION = 1.0;
				PRODUCT_BUNDLE_IDENTIFIER = com.joelparkerhenderson.photocaller.PhotoCaller;
				PRODUCT_NAME = PhotoCaller;
				SDKROOT = macosx;
				SWIFT_EMIT_LOC_STRINGS = YES;
				SWIFT_VERSION = 5.0;
			};
			name = Debug;
		};
		F44E269F289725F3006DC7ED /* Release */ = {
			isa = XCBuildConfiguration;
			buildSettings = {
				ASSETCATALOG_COMPILER_APPICON_NAME = AppIcon;
				ASSETCATALOG_COMPILER_GLOBAL_ACCENT_COLOR_NAME = AccentColor;
				CODE_SIGN_ENTITLEMENTS = macOS/macOS.entitlements;
				CODE_SIGN_STYLE = Automatic;
				COMBINE_HIDPI_IMAGES = YES;
				CURRENT_PROJECT_VERSION = 1;
				DEVELOPMENT_TEAM = G863BF9CVX;
				ENABLE_HARDENED_RUNTIME = YES;
				ENABLE_PREVIEWS = YES;
				GENERATE_INFOPLIST_FILE = YES;
				INFOPLIST_KEY_NSHumanReadableCopyright = "";
				LD_RUNPATH_SEARCH_PATHS = (
					"$(inherited)",
					"@executable_path/../Frameworks",
				);
				MACOSX_DEPLOYMENT_TARGET = 12.3;
				MARKETING_VERSION = 1.0;
				PRODUCT_BUNDLE_IDENTIFIER = com.joelparkerhenderson.photocaller.PhotoCaller;
				PRODUCT_NAME = PhotoCaller;
				SDKROOT = macosx;
				SWIFT_EMIT_LOC_STRINGS = YES;
				SWIFT_VERSION = 5.0;
			};
			name = Release;
		};
		F44E26A1289725F3006DC7ED /* Debug */ = {
			isa = XCBuildConfiguration;
			buildSettings = {
				ALWAYS_EMBED_SWIFT_STANDARD_LIBRARIES = YES;
				CODE_SIGN_STYLE = Automatic;
				CURRENT_PROJECT_VERSION = 1;
				DEVELOPMENT_TEAM = G863BF9CVX;
				GENERATE_INFOPLIST_FILE = YES;
				IPHONEOS_DEPLOYMENT_TARGET = 15.5;
				MARKETING_VERSION = 1.0;
				PRODUCT_BUNDLE_IDENTIFIER = "com.joelparkerhenderson.photocaller.Tests-iOS";
				PRODUCT_NAME = "$(TARGET_NAME)";
				SDKROOT = iphoneos;
				SWIFT_EMIT_LOC_STRINGS = NO;
				SWIFT_VERSION = 5.0;
				TARGETED_DEVICE_FAMILY = "1,2";
				TEST_TARGET_NAME = "PhotoCaller (iOS)";
			};
			name = Debug;
		};
		F44E26A2289725F3006DC7ED /* Release */ = {
			isa = XCBuildConfiguration;
			buildSettings = {
				ALWAYS_EMBED_SWIFT_STANDARD_LIBRARIES = YES;
				CODE_SIGN_STYLE = Automatic;
				CURRENT_PROJECT_VERSION = 1;
				DEVELOPMENT_TEAM = G863BF9CVX;
				GENERATE_INFOPLIST_FILE = YES;
				IPHONEOS_DEPLOYMENT_TARGET = 15.5;
				MARKETING_VERSION = 1.0;
				PRODUCT_BUNDLE_IDENTIFIER = "com.joelparkerhenderson.photocaller.Tests-iOS";
				PRODUCT_NAME = "$(TARGET_NAME)";
				SDKROOT = iphoneos;
				SWIFT_EMIT_LOC_STRINGS = NO;
				SWIFT_VERSION = 5.0;
				TARGETED_DEVICE_FAMILY = "1,2";
				TEST_TARGET_NAME = "PhotoCaller (iOS)";
				VALIDATE_PRODUCT = YES;
			};
			name = Release;
		};
		F44E26A4289725F3006DC7ED /* Debug */ = {
			isa = XCBuildConfiguration;
			buildSettings = {
				ALWAYS_EMBED_SWIFT_STANDARD_LIBRARIES = YES;
				CODE_SIGN_STYLE = Automatic;
				CURRENT_PROJECT_VERSION = 1;
				DEVELOPMENT_TEAM = G863BF9CVX;
				GENERATE_INFOPLIST_FILE = YES;
				MACOSX_DEPLOYMENT_TARGET = 12.3;
				MARKETING_VERSION = 1.0;
				PRODUCT_BUNDLE_IDENTIFIER = "com.joelparkerhenderson.photocaller.Tests-macOS";
				PRODUCT_NAME = "$(TARGET_NAME)";
				SDKROOT = macosx;
				SWIFT_EMIT_LOC_STRINGS = NO;
				SWIFT_VERSION = 5.0;
				TEST_TARGET_NAME = "PhotoCaller (macOS)";
			};
			name = Debug;
		};
		F44E26A5289725F3006DC7ED /* Release */ = {
			isa = XCBuildConfiguration;
			buildSettings = {
				ALWAYS_EMBED_SWIFT_STANDARD_LIBRARIES = YES;
				CODE_SIGN_STYLE = Automatic;
				CURRENT_PROJECT_VERSION = 1;
				DEVELOPMENT_TEAM = G863BF9CVX;
				GENERATE_INFOPLIST_FILE = YES;
				MACOSX_DEPLOYMENT_TARGET = 12.3;
				MARKETING_VERSION = 1.0;
				PRODUCT_BUNDLE_IDENTIFIER = "com.joelparkerhenderson.photocaller.Tests-macOS";
				PRODUCT_NAME = "$(TARGET_NAME)";
				SDKROOT = macosx;
				SWIFT_EMIT_LOC_STRINGS = NO;
				SWIFT_VERSION = 5.0;
				TEST_TARGET_NAME = "PhotoCaller (macOS)";
			};
			name = Release;
		};
/* End XCBuildConfiguration section */

/* Begin XCConfigurationList section */
		F44E2661289725F2006DC7ED /* Build configuration list for PBXProject "PhotoCaller" */ = {
			isa = XCConfigurationList;
			buildConfigurations = (
				F44E2698289725F3006DC7ED /* Debug */,
				F44E2699289725F3006DC7ED /* Release */,
			);
			defaultConfigurationIsVisible = 0;
			defaultConfigurationName = Release;
		};
		F44E269A289725F3006DC7ED /* Build configuration list for PBXNativeTarget "PhotoCaller (iOS)" */ = {
			isa = XCConfigurationList;
			buildConfigurations = (
				F44E269B289725F3006DC7ED /* Debug */,
				F44E269C289725F3006DC7ED /* Release */,
			);
			defaultConfigurationIsVisible = 0;
			defaultConfigurationName = Release;
		};
		F44E269D289725F3006DC7ED /* Build configuration list for PBXNativeTarget "PhotoCaller (macOS)" */ = {
			isa = XCConfigurationList;
			buildConfigurations = (
				F44E269E289725F3006DC7ED /* Debug */,
				F44E269F289725F3006DC7ED /* Release */,
			);
			defaultConfigurationIsVisible = 0;
			defaultConfigurationName = Release;
		};
		F44E26A0289725F3006DC7ED /* Build configuration list for PBXNativeTarget "Tests iOS" */ = {
			isa = XCConfigurationList;
			buildConfigurations = (
				F44E26A1289725F3006DC7ED /* Debug */,
				F44E26A2289725F3006DC7ED /* Release */,
			);
			defaultConfigurationIsVisible = 0;
			defaultConfigurationName = Release;
		};
		F44E26A3289725F3006DC7ED /* Build configuration list for PBXNativeTarget "Tests macOS" */ = {
			isa = XCConfigurationList;
			buildConfigurations = (
				F44E26A4289725F3006DC7ED /* Debug */,
				F44E26A5289725F3006DC7ED /* Release */,
			);
			defaultConfigurationIsVisible = 0;
			defaultConfigurationName = Release;
		};
/* End XCConfigurationList section */

/* Begin XCVersionGroup section */
		F44E2663289725F2006DC7ED /* PhotoCaller.xcdatamodeld */ = {
			isa = XCVersionGroup;
			children = (
				F44E2664289725F2006DC7ED /* Shared.xcdatamodel */,
			);
			currentVersion = F44E2664289725F2006DC7ED /* Shared.xcdatamodel */;
			path = PhotoCaller.xcdatamodeld;
			sourceTree = "<group>";
			versionGroupType = wrapper.xcdatamodel;
		};
/* End XCVersionGroup section */
	};
	rootObject = F44E265E289725F2006DC7ED /* Project object */;
}
